
Microsoft Visual Studio Solution File, Format Version 12.00
# Visual Studio 14
VisualStudioVersion = 14.0.23107.0
MinimumVisualStudioVersion = 10.0.40219.1
Project("{FAE04EC0-301F-11D3-BF4B-00C04F79EFBC}") = "DataTransfer", "..\DataTransfer\DataTransfer.csproj", "{5ECB3F1C-1440-42DD-9945-38B1C415CE80}"
EndProject
Project("{FAE04EC0-301F-11D3-BF4B-00C04F79EFBC}") = "Service", "Service.csproj", "{474805F7-AFBA-4F6A-9E64-3EE91FF68020}"
EndProject
Project("{FAE04EC0-301F-11D3-BF4B-00C04F79EFBC}") = "Client", "..\Client\Client.csproj", "{84892BE7-3F26-4C59-A45F-91FFB5F9DF6B}"
EndProject
Project("{FAE04EC0-301F-11D3-BF4B-00C04F79EFBC}") = "Logic", "..\Logic.cs\Logic.csproj", "{1466F316-1911-47E5-9981-67F7A0F0E6D2}"
EndProject
Global
	GlobalSection(SolutionConfigurationPlatforms) = preSolution
		Debug|Any CPU = Debug|Any CPU
		Release|Any CPU = Release|Any CPU
	EndGlobalSection
	GlobalSection(ProjectConfigurationPlatforms) = postSolution
		{5ECB3F1C-1440-42DD-9945-38B1C415CE80}.Debug|Any CPU.ActiveCfg = Debug|Any CPU
		{5ECB3F1C-1440-42DD-9945-38B1C415CE80}.Debug|Any CPU.Build.0 = Debug|Any CPU
		{5ECB3F1C-1440-42DD-9945-38B1C415CE80}.Release|Any CPU.ActiveCfg = Release|Any CPU
		{5ECB3F1C-1440-42DD-9945-38B1C415CE80}.Release|Any CPU.Build.0 = Release|Any CPU
		{474805F7-AFBA-4F6A-9E64-3EE91FF68020}.Debug|Any CPU.ActiveCfg = Debug|Any CPU
		{474805F7-AFBA-4F6A-9E64-3EE91FF68020}.Debug|Any CPU.Build.0 = Debug|Any CPU
		{474805F7-AFBA-4F6A-9E64-3EE91FF68020}.Release|Any CPU.ActiveCfg = Release|Any CPU
		{474805F7-AFBA-4F6A-9E64-3EE91FF68020}.Release|Any CPU.Build.0 = Release|Any CPU
		{84892BE7-3F26-4C59-A45F-91FFB5F9DF6B}.Debug|Any CPU.ActiveCfg = Debug|Any CPU
		{84892BE7-3F26-4C59-A45F-91FFB5F9DF6B}.Debug|Any CPU.Build.0 = Debug|Any CPU
		{84892BE7-3F26-4C59-A45F-91FFB5F9DF6B}.Release|Any CPU.ActiveCfg = Release|Any CPU
		{84892BE7-3F26-4C59-A45F-91FFB5F9DF6B}.Release|Any CPU.Build.0 = Release|Any CPU
		{1466F316-1911-47E5-9981-67F7A0F0E6D2}.Debug|Any CPU.ActiveCfg = Debug|Any CPU
		{1466F316-1911-47E5-9981-67F7A0F0E6D2}.Debug|Any CPU.Build.0 = Debug|Any CPU
		{1466F316-1911-47E5-9981-67F7A0F0E6D2}.Release|Any CPU.ActiveCfg = Release|Any CPU
		{1466F316-1911-47E5-9981-67F7A0F0E6D2}.Release|Any CPU.Build.0 = Release|Any CPU
	EndGlobalSection
	GlobalSection(SolutionProperties) = preSolution
		HideSolutionNode = FALSE
	EndGlobalSection
EndGlobal
